
Microsoft Visual Studio Solution File, Format Version 12.00
# Visual Studio Version 16
VisualStudioVersion = 16.0.29306.81
MinimumVisualStudioVersion = 10.0.40219.1
Project("{FAE04EC0-301F-11D3-BF4B-00C04F79EFBC}") = "EncryptDecrypt-Lib", "EncryptDecrypt-Lib.csproj", "{CB8AF82F-DB15-420B-B53A-52E106C6347D}"
EndProject
Global
	GlobalSection(SolutionConfigurationPlatforms) = preSolution
		Debug|Any CPU = Debug|Any CPU
		Release|Any CPU = Release|Any CPU
	EndGlobalSection
	GlobalSection(ProjectConfigurationPlatforms) = postSolution
		{CB8AF82F-DB15-420B-B53A-52E106C6347D}.Debug|Any CPU.ActiveCfg = Debug|Any CPU
		{CB8AF82F-DB15-420B-B53A-52E106C6347D}.Debug|Any CPU.Build.0 = Debug|Any CPU
		{CB8AF82F-DB15-420B-B53A-52E106C6347D}.Release|Any CPU.ActiveCfg = Release|Any CPU
		{CB8AF82F-DB15-420B-B53A-52E106C6347D}.Release|Any CPU.Build.0 = Release|Any CPU
	EndGlobalSection
	GlobalSection(SolutionProperties) = preSolution
		HideSolutionNode = FALSE
	EndGlobalSection
	GlobalSection(ExtensibilityGlobals) = postSolution
		SolutionGuid = {42F190A9-A3C5-472A-A254-4E397E7E35B0}
	EndGlobalSection
EndGlobal
